{
  "name": "@donutteam/internal-components",
  "version": "1.0.4",
  "lockfileVersion": 2,
  "requires": true,
  "packages": {
    "": {
      "name": "@donutteam/internal-components",
      "version": "1.0.4",
      "license": "MIT",
      "devDependencies": {
        "@donutteam/eslint-config": "^1.0.5"
      },
      "peerDependencies": {
        "@donutteam/document-builder": "1.x"
      }
    },
    "node_modules/@donutteam/document-builder": {
      "version": "1.0.7",
      "resolved": "https://registry.npmjs.org/@donutteam/document-builder/-/document-builder-1.0.7.tgz",
      "integrity": "sha512-CBSuAWqFXvUq3MXmw7b1MZd6XKQ/QZdx7i5q9YTUp00eNovEY//Oh/T/ujaI9cv/JbLlQ8Cumfiq7LUhKqv5Rg==",
      "peer": true,
      "dependencies": {
        "html-entities": "^2.3.3"
      }
    },
    "node_modules/@donutteam/eslint-config": {
      "version": "1.0.6",
      "resolved": "https://registry.npmjs.org/@donutteam/eslint-config/-/eslint-config-1.0.6.tgz",
      "integrity": "sha512-In3Y9YDL+BkG0Non6z6N+XzDIAKulumtYiJxQ8YgzT/7CHj3orPyLWF7Xy9VpXRIxyX8Nk35w0zcwxSlvqwldg==",
      "dev": true
    },
    "node_modules/html-entities": {
      "version": "2.3.3",
      "resolved": "https://registry.npmjs.org/html-entities/-/html-entities-2.3.3.tgz",
      "integrity": "sha512-DV5Ln36z34NNTDgnz0EWGBLZENelNAtkiFA4kyNOG2tDI6Mz1uSWiq1wAKdyjnJwyDiDO7Fa2SO1CTxPXL8VxA==",
      "peer": true
    }
  },
  "dependencies": {
    "@donutteam/document-builder": {
      "version": "1.0.7",
      "resolved": "https://registry.npmjs.org/@donutteam/document-builder/-/document-builder-1.0.7.tgz",
      "integrity": "sha512-CBSuAWqFXvUq3MXmw7b1MZd6XKQ/QZdx7i5q9YTUp00eNovEY//Oh/T/ujaI9cv/JbLlQ8Cumfiq7LUhKqv5Rg==",
      "peer": true,
      "requires": {
        "html-entities": "^2.3.3"
      }
    },
    "@donutteam/eslint-config": {
      "version": "1.0.6",
      "resolved": "https://registry.npmjs.org/@donutteam/eslint-config/-/eslint-config-1.0.6.tgz",
      "integrity": "sha512-In3Y9YDL+BkG0Non6z6N+XzDIAKulumtYiJxQ8YgzT/7CHj3orPyLWF7Xy9VpXRIxyX8Nk35w0zcwxSlvqwldg==",
      "dev": true
    },
    "html-entities": {
      "version": "2.3.3",
      "resolved": "https://registry.npmjs.org/html-entities/-/html-entities-2.3.3.tgz",
      "integrity": "sha512-DV5Ln36z34NNTDgnz0EWGBLZENelNAtkiFA4kyNOG2tDI6Mz1uSWiq1wAKdyjnJwyDiDO7Fa2SO1CTxPXL8VxA==",
      "peer": true
    }
  }
}
