{
  "name": "@donutteam/internal-components",
  "version": "1.0.0",
  "lockfileVersion": 2,
  "requires": true,
  "packages": {
    "": {
      "name": "@donutteam/internal-components",
      "version": "1.0.0",
      "license": "MIT",
      "dependencies": {
        "@donutteam/document-builder": "^0.0.9"
      },
      "devDependencies": {
        "@donutteam/eslint-config": "^1.0.5"
      }
    },
    "node_modules/@donutteam/document-builder": {
      "version": "0.0.9",
      "resolved": "https://registry.npmjs.org/@donutteam/document-builder/-/document-builder-0.0.9.tgz",
      "integrity": "sha512-NsWk+SRGlE70ugWZv4mL3/QzVf9rZP1ZUNk+VJRIH7t3QedUcEVuDnlDE365iL2Our0TPt3MUmqg6SpvlWaPDg=="
    },
    "node_modules/@donutteam/eslint-config": {
      "version": "1.0.5",
      "resolved": "https://registry.npmjs.org/@donutteam/eslint-config/-/eslint-config-1.0.5.tgz",
      "integrity": "sha512-/5iitleF+figGCL8OBl5c5BpPBYtmcA8fEB36RkNTIZtLiDlZPCLPr61n/c4+6SSEZf3MWtJSudndsX+XsraBQ==",
      "dev": true
    }
  },
  "dependencies": {
    "@donutteam/document-builder": {
      "version": "0.0.9",
      "resolved": "https://registry.npmjs.org/@donutteam/document-builder/-/document-builder-0.0.9.tgz",
      "integrity": "sha512-NsWk+SRGlE70ugWZv4mL3/QzVf9rZP1ZUNk+VJRIH7t3QedUcEVuDnlDE365iL2Our0TPt3MUmqg6SpvlWaPDg=="
    },
    "@donutteam/eslint-config": {
      "version": "1.0.5",
      "resolved": "https://registry.npmjs.org/@donutteam/eslint-config/-/eslint-config-1.0.5.tgz",
      "integrity": "sha512-/5iitleF+figGCL8OBl5c5BpPBYtmcA8fEB36RkNTIZtLiDlZPCLPr61n/c4+6SSEZf3MWtJSudndsX+XsraBQ==",
      "dev": true
    }
  }
}
