{
  "name": "@donutteam/internal-components",
  "version": "1.0.1",
  "lockfileVersion": 2,
  "requires": true,
  "packages": {
    "": {
      "name": "@donutteam/internal-components",
      "version": "1.0.1",
      "license": "MIT",
      "dependencies": {
        "@donutteam/document-builder": "^1.0.2"
      },
      "devDependencies": {
        "@donutteam/eslint-config": "^1.0.5"
      }
    },
    "node_modules/@donutteam/document-builder": {
      "version": "1.0.2",
      "resolved": "https://registry.npmjs.org/@donutteam/document-builder/-/document-builder-1.0.2.tgz",
      "integrity": "sha512-cbJ1Fpatv2FDWrmi3zS9MnvL6AZfxbdRapN0Mme0lqyH1yZT+1L3swx4hsgY7KYVyzKLPxM+V9mhtb7b9G9MmA=="
    },
    "node_modules/@donutteam/eslint-config": {
      "version": "1.0.5",
      "resolved": "https://registry.npmjs.org/@donutteam/eslint-config/-/eslint-config-1.0.5.tgz",
      "integrity": "sha512-/5iitleF+figGCL8OBl5c5BpPBYtmcA8fEB36RkNTIZtLiDlZPCLPr61n/c4+6SSEZf3MWtJSudndsX+XsraBQ==",
      "dev": true
    }
  },
  "dependencies": {
    "@donutteam/document-builder": {
      "version": "1.0.2",
      "resolved": "https://registry.npmjs.org/@donutteam/document-builder/-/document-builder-1.0.2.tgz",
      "integrity": "sha512-cbJ1Fpatv2FDWrmi3zS9MnvL6AZfxbdRapN0Mme0lqyH1yZT+1L3swx4hsgY7KYVyzKLPxM+V9mhtb7b9G9MmA=="
    },
    "@donutteam/eslint-config": {
      "version": "1.0.5",
      "resolved": "https://registry.npmjs.org/@donutteam/eslint-config/-/eslint-config-1.0.5.tgz",
      "integrity": "sha512-/5iitleF+figGCL8OBl5c5BpPBYtmcA8fEB36RkNTIZtLiDlZPCLPr61n/c4+6SSEZf3MWtJSudndsX+XsraBQ==",
      "dev": true
    }
  }
}
